// !$*UTF8*$!
{
	archiveVersion = 1;
	classes = {
	};
	objectVersion = 48;
	objects = {

/* Begin PBXBuildFile section */
		0F3E84C5606870FA7C33F5B2 /* Pods_ZhylfWeiboUITests.framework in Frameworks */ = {isa = PBXBuildFile; fileRef = 1C45CF6CFBD5A37C0C485C22 /* Pods_ZhylfWeiboUITests.framework */; };
		12D9417EF1EA2931A0E1CC54 /* Pods_ZhylfWeibo.framework in Frameworks */ = {isa = PBXBuildFile; fileRef = A38C6E9877568763B02E1CF3 /* Pods_ZhylfWeibo.framework */; };
		A407840D1FDE67AA006EEA79 /* ZlUserAccount.swift in Sources */ = {isa = PBXBuildFile; fileRef = A407840C1FDE67AA006EEA79 /* ZlUserAccount.swift */; };
		A412E55C1FB4501400650D46 /* Bundle+Extension.swift in Sources */ = {isa = PBXBuildFile; fileRef = A412E55B1FB4501400650D46 /* Bundle+Extension.swift */; };
		A421CA451FBD65A6006F1F64 /* ZlNetworkManager.swift in Sources */ = {isa = PBXBuildFile; fileRef = A421CA441FBD65A6006F1F64 /* ZlNetworkManager.swift */; };
		A428CDE11FAAED3E0059BF57 /* AppDelegate.swift in Sources */ = {isa = PBXBuildFile; fileRef = A4327D3F1FAAC9F8006533AD /* AppDelegate.swift */; };
		A4327D4F1FAACAFD006533AD /* ZlMainViewController.swift in Sources */ = {isa = PBXBuildFile; fileRef = A4327D4E1FAACAFD006533AD /* ZlMainViewController.swift */; };
		A4327D511FAACB55006533AD /* ZlNavigationController.swift in Sources */ = {isa = PBXBuildFile; fileRef = A4327D501FAACB55006533AD /* ZlNavigationController.swift */; };
		A4327D531FAACB8B006533AD /* ZlBaseViewController.swift in Sources */ = {isa = PBXBuildFile; fileRef = A4327D521FAACB8B006533AD /* ZlBaseViewController.swift */; };
		A4327D551FAACC63006533AD /* ZlHomeViewController.swift in Sources */ = {isa = PBXBuildFile; fileRef = A4327D541FAACC63006533AD /* ZlHomeViewController.swift */; };
		A4327D571FAACC81006533AD /* ZlDescoverViewController.swift in Sources */ = {isa = PBXBuildFile; fileRef = A4327D561FAACC81006533AD /* ZlDescoverViewController.swift */; };
		A4327D591FAACC91006533AD /* ZlMessageViewController.swift in Sources */ = {isa = PBXBuildFile; fileRef = A4327D581FAACC91006533AD /* ZlMessageViewController.swift */; };
		A4327D5B1FAACCA0006533AD /* ZlProfileViewController.swift in Sources */ = {isa = PBXBuildFile; fileRef = A4327D5A1FAACCA0006533AD /* ZlProfileViewController.swift */; };
		A44117F01FB54DE40023B26F /* UIButton+CZAddition.m in Sources */ = {isa = PBXBuildFile; fileRef = A44117E51FB549150023B26F /* UIButton+CZAddition.m */; };
		A44117F11FB54E010023B26F /* UIColor+CZAddition.m in Sources */ = {isa = PBXBuildFile; fileRef = A44117E71FB549150023B26F /* UIColor+CZAddition.m */; };
		A44117F21FB54E080023B26F /* NSArray+Log.m in Sources */ = {isa = PBXBuildFile; fileRef = A44117D91FB549150023B26F /* NSArray+Log.m */; };
		A44117F31FB54E0A0023B26F /* NSAttributedString+CZAdditon.m in Sources */ = {isa = PBXBuildFile; fileRef = A44117DB1FB549150023B26F /* NSAttributedString+CZAdditon.m */; };
		A44117F41FB54E0E0023B26F /* NSObject+CZRuntime.m in Sources */ = {isa = PBXBuildFile; fileRef = A44117DD1FB549150023B26F /* NSObject+CZRuntime.m */; };
		A44117F51FB54E110023B26F /* NSString+CZBase64.m in Sources */ = {isa = PBXBuildFile; fileRef = A44117DF1FB549150023B26F /* NSString+CZBase64.m */; };
		A44117F61FB54E130023B26F /* NSString+CZHash.m in Sources */ = {isa = PBXBuildFile; fileRef = A44117E11FB549150023B26F /* NSString+CZHash.m */; };
		A44117F71FB54E160023B26F /* NSString+CZPath.m in Sources */ = {isa = PBXBuildFile; fileRef = A44117E31FB549150023B26F /* NSString+CZPath.m */; };
		A44117F81FB54E1C0023B26F /* UILabel+CZAddition.m in Sources */ = {isa = PBXBuildFile; fileRef = A44117E91FB549150023B26F /* UILabel+CZAddition.m */; };
		A44117F91FB54E1E0023B26F /* UIScreen+CZAddition.m in Sources */ = {isa = PBXBuildFile; fileRef = A44117EB1FB549150023B26F /* UIScreen+CZAddition.m */; };
		A44117FA1FB54E210023B26F /* UIView+CZAddition.m in Sources */ = {isa = PBXBuildFile; fileRef = A44117ED1FB549150023B26F /* UIView+CZAddition.m */; };
		A44117FB1FB54E240023B26F /* UIViewController+CZAddition.m in Sources */ = {isa = PBXBuildFile; fileRef = A44117EF1FB549150023B26F /* UIViewController+CZAddition.m */; };
		A44117FE1FB555180023B26F /* ZlTestViewController.swift in Sources */ = {isa = PBXBuildFile; fileRef = A44117FD1FB555180023B26F /* ZlTestViewController.swift */; };
		A44118001FB57F810023B26F /* UIBarButtonItem+Extension.swift in Sources */ = {isa = PBXBuildFile; fileRef = A44117FF1FB57F810023B26F /* UIBarButtonItem+Extension.swift */; };
		A46782591FBE795A0014B877 /* ZlNetworkManager+Extension.swift in Sources */ = {isa = PBXBuildFile; fileRef = A46782581FBE795A0014B877 /* ZlNetworkManager+Extension.swift */; };
		A467825B1FBEAC750014B877 /* ZlStatus.swift in Sources */ = {isa = PBXBuildFile; fileRef = A467825A1FBEAC750014B877 /* ZlStatus.swift */; };
		A467825F1FBEAF350014B877 /* ZlStatusListViewModel.swift in Sources */ = {isa = PBXBuildFile; fileRef = A467825E1FBEAF350014B877 /* ZlStatusListViewModel.swift */; };
		A497681F1FA9C20C000003F2 /* Assets.xcassets in Resources */ = {isa = PBXBuildFile; fileRef = A497681E1FA9C20C000003F2 /* Assets.xcassets */; };
		A497682D1FA9C20C000003F2 /* ZhylfWeiboTests.swift in Sources */ = {isa = PBXBuildFile; fileRef = A497682C1FA9C20C000003F2 /* ZhylfWeiboTests.swift */; };
		A49768381FA9C20C000003F2 /* ZhylfWeiboUITests.swift in Sources */ = {isa = PBXBuildFile; fileRef = A49768371FA9C20C000003F2 /* ZhylfWeiboUITests.swift */; };
		A4BFF3B41FDA7AC40028C10E /* ZlCommon.swift in Sources */ = {isa = PBXBuildFile; fileRef = A4BFF3B31FDA7AC40028C10E /* ZlCommon.swift */; };
		A4BFF3B71FDA7FDD0028C10E /* ZlOAuthViewController.swift in Sources */ = {isa = PBXBuildFile; fileRef = A4BFF3B61FDA7FDD0028C10E /* ZlOAuthViewController.swift */; };
		A4D7A3161FBBF10100166CAB /* zhangyanlf.json in Resources */ = {isa = PBXBuildFile; fileRef = A4D7A3151FBBF0E800166CAB /* zhangyanlf.json */; };
		A4DC044B1FB5A5D1001C3C2B /* UINavigationBar+Extension.swift in Sources */ = {isa = PBXBuildFile; fileRef = A4DC044A1FB5A5D1001C3C2B /* UINavigationBar+Extension.swift */; };
		A4ECE59F1FBAC26200AE087B /* ZlVisitorView.swift in Sources */ = {isa = PBXBuildFile; fileRef = A4ECE59E1FBAC26200AE087B /* ZlVisitorView.swift */; };
		C1B676D4667E886E521CD9EC /* Pods_ZhylfWeiboTests.framework in Frameworks */ = {isa = PBXBuildFile; fileRef = DB2081E3CC39FDF59ACA168D /* Pods_ZhylfWeiboTests.framework */; };
/* End PBXBuildFile section */

/* Begin PBXContainerItemProxy section */
		A49768291FA9C20C000003F2 /* PBXContainerItemProxy */ = {
			isa = PBXContainerItemProxy;
			containerPortal = A497680C1FA9C20C000003F2 /* Project object */;
			proxyType = 1;
			remoteGlobalIDString = A49768131FA9C20C000003F2;
			remoteInfo = ZhylfWeibo;
		};
		A49768341FA9C20C000003F2 /* PBXContainerItemProxy */ = {
			isa = PBXContainerItemProxy;
			containerPortal = A497680C1FA9C20C000003F2 /* Project object */;
			proxyType = 1;
			remoteGlobalIDString = A49768131FA9C20C000003F2;
			remoteInfo = ZhylfWeibo;
		};
/* End PBXContainerItemProxy section */

/* Begin PBXFileReference section */
		1C45CF6CFBD5A37C0C485C22 /* Pods_ZhylfWeiboUITests.framework */ = {isa = PBXFileReference; explicitFileType = wrapper.framework; includeInIndex = 0; path = Pods_ZhylfWeiboUITests.framework; sourceTree = BUILT_PRODUCTS_DIR; };
		1DA885F06C3F2B1C842643FE /* Pods-ZhylfWeibo.release.xcconfig */ = {isa = PBXFileReference; includeInIndex = 1; lastKnownFileType = text.xcconfig; name = "Pods-ZhylfWeibo.release.xcconfig"; path = "Pods/Target Support Files/Pods-ZhylfWeibo/Pods-ZhylfWeibo.release.xcconfig"; sourceTree = "<group>"; };
		2E2FC94E39BCB66C31E60EB0 /* Pods-ZhylfWeiboTests.debug.xcconfig */ = {isa = PBXFileReference; includeInIndex = 1; lastKnownFileType = text.xcconfig; name = "Pods-ZhylfWeiboTests.debug.xcconfig"; path = "Pods/Target Support Files/Pods-ZhylfWeiboTests/Pods-ZhylfWeiboTests.debug.xcconfig"; sourceTree = "<group>"; };
		31C60F36E01D56ADE09D855C /* Pods-ZhylfWeibo.debug.xcconfig */ = {isa = PBXFileReference; includeInIndex = 1; lastKnownFileType = text.xcconfig; name = "Pods-ZhylfWeibo.debug.xcconfig"; path = "Pods/Target Support Files/Pods-ZhylfWeibo/Pods-ZhylfWeibo.debug.xcconfig"; sourceTree = "<group>"; };
		850C239F57635FF2013D8C18 /* Pods-ZhylfWeiboUITests.release.xcconfig */ = {isa = PBXFileReference; includeInIndex = 1; lastKnownFileType = text.xcconfig; name = "Pods-ZhylfWeiboUITests.release.xcconfig"; path = "Pods/Target Support Files/Pods-ZhylfWeiboUITests/Pods-ZhylfWeiboUITests.release.xcconfig"; sourceTree = "<group>"; };
		A38C6E9877568763B02E1CF3 /* Pods_ZhylfWeibo.framework */ = {isa = PBXFileReference; explicitFileType = wrapper.framework; includeInIndex = 0; path = Pods_ZhylfWeibo.framework; sourceTree = BUILT_PRODUCTS_DIR; };
		A407840C1FDE67AA006EEA79 /* ZlUserAccount.swift */ = {isa = PBXFileReference; lastKnownFileType = sourcecode.swift; path = ZlUserAccount.swift; sourceTree = "<group>"; };
		A412E5581FB4484C00650D46 /* ZhylfWeibo-Bridge.h */ = {isa = PBXFileReference; lastKnownFileType = sourcecode.c.h; path = "ZhylfWeibo-Bridge.h"; sourceTree = "<group>"; };
		A412E55B1FB4501400650D46 /* Bundle+Extension.swift */ = {isa = PBXFileReference; lastKnownFileType = sourcecode.swift; path = "Bundle+Extension.swift"; sourceTree = "<group>"; };
		A421CA441FBD65A6006F1F64 /* ZlNetworkManager.swift */ = {isa = PBXFileReference; lastKnownFileType = sourcecode.swift; path = ZlNetworkManager.swift; sourceTree = "<group>"; };
		A4327D3F1FAAC9F8006533AD /* AppDelegate.swift */ = {isa = PBXFileReference; lastKnownFileType = sourcecode.swift; path = AppDelegate.swift; sourceTree = "<group>"; };
		A4327D411FAAC9F8006533AD /* Base */ = {isa = PBXFileReference; lastKnownFileType = file.storyboard; name = Base; path = Base.lproj/LaunchScreen.storyboard; sourceTree = "<group>"; };
		A4327D441FAAC9F8006533AD /* Info.plist */ = {isa = PBXFileReference; lastKnownFileType = text.plist.xml; path = Info.plist; sourceTree = "<group>"; };
		A4327D4E1FAACAFD006533AD /* ZlMainViewController.swift */ = {isa = PBXFileReference; lastKnownFileType = sourcecode.swift; path = ZlMainViewController.swift; sourceTree = "<group>"; };
		A4327D501FAACB55006533AD /* ZlNavigationController.swift */ = {isa = PBXFileReference; lastKnownFileType = sourcecode.swift; path = ZlNavigationController.swift; sourceTree = "<group>"; };
		A4327D521FAACB8B006533AD /* ZlBaseViewController.swift */ = {isa = PBXFileReference; lastKnownFileType = sourcecode.swift; path = ZlBaseViewController.swift; sourceTree = "<group>"; };
		A4327D541FAACC63006533AD /* ZlHomeViewController.swift */ = {isa = PBXFileReference; lastKnownFileType = sourcecode.swift; path = ZlHomeViewController.swift; sourceTree = "<group>"; };
		A4327D561FAACC81006533AD /* ZlDescoverViewController.swift */ = {isa = PBXFileReference; lastKnownFileType = sourcecode.swift; path = ZlDescoverViewController.swift; sourceTree = "<group>"; };
		A4327D581FAACC91006533AD /* ZlMessageViewController.swift */ = {isa = PBXFileReference; lastKnownFileType = sourcecode.swift; path = ZlMessageViewController.swift; sourceTree = "<group>"; };
		A4327D5A1FAACCA0006533AD /* ZlProfileViewController.swift */ = {isa = PBXFileReference; lastKnownFileType = sourcecode.swift; path = ZlProfileViewController.swift; sourceTree = "<group>"; };
		A44117D71FB549150023B26F /* CZAdditions.h */ = {isa = PBXFileReference; lastKnownFileType = sourcecode.c.h; path = CZAdditions.h; sourceTree = "<group>"; };
		A44117D81FB549150023B26F /* NSArray+Log.h */ = {isa = PBXFileReference; lastKnownFileType = sourcecode.c.h; path = "NSArray+Log.h"; sourceTree = "<group>"; };
		A44117D91FB549150023B26F /* NSArray+Log.m */ = {isa = PBXFileReference; lastKnownFileType = sourcecode.c.objc; path = "NSArray+Log.m"; sourceTree = "<group>"; };
		A44117DA1FB549150023B26F /* NSAttributedString+CZAdditon.h */ = {isa = PBXFileReference; lastKnownFileType = sourcecode.c.h; path = "NSAttributedString+CZAdditon.h"; sourceTree = "<group>"; };
		A44117DB1FB549150023B26F /* NSAttributedString+CZAdditon.m */ = {isa = PBXFileReference; lastKnownFileType = sourcecode.c.objc; path = "NSAttributedString+CZAdditon.m"; sourceTree = "<group>"; };
		A44117DC1FB549150023B26F /* NSObject+CZRuntime.h */ = {isa = PBXFileReference; lastKnownFileType = sourcecode.c.h; path = "NSObject+CZRuntime.h"; sourceTree = "<group>"; };
		A44117DD1FB549150023B26F /* NSObject+CZRuntime.m */ = {isa = PBXFileReference; lastKnownFileType = sourcecode.c.objc; path = "NSObject+CZRuntime.m"; sourceTree = "<group>"; };
		A44117DE1FB549150023B26F /* NSString+CZBase64.h */ = {isa = PBXFileReference; lastKnownFileType = sourcecode.c.h; path = "NSString+CZBase64.h"; sourceTree = "<group>"; };
		A44117DF1FB549150023B26F /* NSString+CZBase64.m */ = {isa = PBXFileReference; lastKnownFileType = sourcecode.c.objc; path = "NSString+CZBase64.m"; sourceTree = "<group>"; };
		A44117E01FB549150023B26F /* NSString+CZHash.h */ = {isa = PBXFileReference; lastKnownFileType = sourcecode.c.h; path = "NSString+CZHash.h"; sourceTree = "<group>"; };
		A44117E11FB549150023B26F /* NSString+CZHash.m */ = {isa = PBXFileReference; lastKnownFileType = sourcecode.c.objc; path = "NSString+CZHash.m"; sourceTree = "<group>"; };
		A44117E21FB549150023B26F /* NSString+CZPath.h */ = {isa = PBXFileReference; lastKnownFileType = sourcecode.c.h; path = "NSString+CZPath.h"; sourceTree = "<group>"; };
		A44117E31FB549150023B26F /* NSString+CZPath.m */ = {isa = PBXFileReference; lastKnownFileType = sourcecode.c.objc; path = "NSString+CZPath.m"; sourceTree = "<group>"; };
		A44117E41FB549150023B26F /* UIButton+CZAddition.h */ = {isa = PBXFileReference; lastKnownFileType = sourcecode.c.h; path = "UIButton+CZAddition.h"; sourceTree = "<group>"; };
		A44117E51FB549150023B26F /* UIButton+CZAddition.m */ = {isa = PBXFileReference; lastKnownFileType = sourcecode.c.objc; path = "UIButton+CZAddition.m"; sourceTree = "<group>"; };
		A44117E61FB549150023B26F /* UIColor+CZAddition.h */ = {isa = PBXFileReference; lastKnownFileType = sourcecode.c.h; path = "UIColor+CZAddition.h"; sourceTree = "<group>"; };
		A44117E71FB549150023B26F /* UIColor+CZAddition.m */ = {isa = PBXFileReference; lastKnownFileType = sourcecode.c.objc; path = "UIColor+CZAddition.m"; sourceTree = "<group>"; };
		A44117E81FB549150023B26F /* UILabel+CZAddition.h */ = {isa = PBXFileReference; lastKnownFileType = sourcecode.c.h; path = "UILabel+CZAddition.h"; sourceTree = "<group>"; };
		A44117E91FB549150023B26F /* UILabel+CZAddition.m */ = {isa = PBXFileReference; lastKnownFileType = sourcecode.c.objc; path = "UILabel+CZAddition.m"; sourceTree = "<group>"; };
		A44117EA1FB549150023B26F /* UIScreen+CZAddition.h */ = {isa = PBXFileReference; lastKnownFileType = sourcecode.c.h; path = "UIScreen+CZAddition.h"; sourceTree = "<group>"; };
		A44117EB1FB549150023B26F /* UIScreen+CZAddition.m */ = {isa = PBXFileReference; lastKnownFileType = sourcecode.c.objc; path = "UIScreen+CZAddition.m"; sourceTree = "<group>"; };
		A44117EC1FB549150023B26F /* UIView+CZAddition.h */ = {isa = PBXFileReference; lastKnownFileType = sourcecode.c.h; path = "UIView+CZAddition.h"; sourceTree = "<group>"; };
		A44117ED1FB549150023B26F /* UIView+CZAddition.m */ = {isa = PBXFileReference; lastKnownFileType = sourcecode.c.objc; path = "UIView+CZAddition.m"; sourceTree = "<group>"; };
		A44117EE1FB549150023B26F /* UIViewController+CZAddition.h */ = {isa = PBXFileReference; lastKnownFileType = sourcecode.c.h; path = "UIViewController+CZAddition.h"; sourceTree = "<group>"; };
		A44117EF1FB549150023B26F /* UIViewController+CZAddition.m */ = {isa = PBXFileReference; lastKnownFileType = sourcecode.c.objc; path = "UIViewController+CZAddition.m"; sourceTree = "<group>"; };
		A44117FD1FB555180023B26F /* ZlTestViewController.swift */ = {isa = PBXFileReference; lastKnownFileType = sourcecode.swift; path = ZlTestViewController.swift; sourceTree = "<group>"; };
		A44117FF1FB57F810023B26F /* UIBarButtonItem+Extension.swift */ = {isa = PBXFileReference; lastKnownFileType = sourcecode.swift; path = "UIBarButtonItem+Extension.swift"; sourceTree = "<group>"; };
		A46782581FBE795A0014B877 /* ZlNetworkManager+Extension.swift */ = {isa = PBXFileReference; lastKnownFileType = sourcecode.swift; path = "ZlNetworkManager+Extension.swift"; sourceTree = "<group>"; };
		A467825A1FBEAC750014B877 /* ZlStatus.swift */ = {isa = PBXFileReference; lastKnownFileType = sourcecode.swift; path = ZlStatus.swift; sourceTree = "<group>"; };
		A467825E1FBEAF350014B877 /* ZlStatusListViewModel.swift */ = {isa = PBXFileReference; lastKnownFileType = sourcecode.swift; path = ZlStatusListViewModel.swift; sourceTree = "<group>"; };
		A49768141FA9C20C000003F2 /* ZhylfWeibo.app */ = {isa = PBXFileReference; explicitFileType = wrapper.application; includeInIndex = 0; path = ZhylfWeibo.app; sourceTree = BUILT_PRODUCTS_DIR; };
		A497681E1FA9C20C000003F2 /* Assets.xcassets */ = {isa = PBXFileReference; lastKnownFileType = folder.assetcatalog; path = Assets.xcassets; sourceTree = "<group>"; };
		A49768281FA9C20C000003F2 /* ZhylfWeiboTests.xctest */ = {isa = PBXFileReference; explicitFileType = wrapper.cfbundle; includeInIndex = 0; path = ZhylfWeiboTests.xctest; sourceTree = BUILT_PRODUCTS_DIR; };
		A497682C1FA9C20C000003F2 /* ZhylfWeiboTests.swift */ = {isa = PBXFileReference; lastKnownFileType = sourcecode.swift; path = ZhylfWeiboTests.swift; sourceTree = "<group>"; };
		A497682E1FA9C20C000003F2 /* Info.plist */ = {isa = PBXFileReference; lastKnownFileType = text.plist.xml; path = Info.plist; sourceTree = "<group>"; };
		A49768331FA9C20C000003F2 /* ZhylfWeiboUITests.xctest */ = {isa = PBXFileReference; explicitFileType = wrapper.cfbundle; includeInIndex = 0; path = ZhylfWeiboUITests.xctest; sourceTree = BUILT_PRODUCTS_DIR; };
		A49768371FA9C20C000003F2 /* ZhylfWeiboUITests.swift */ = {isa = PBXFileReference; lastKnownFileType = sourcecode.swift; path = ZhylfWeiboUITests.swift; sourceTree = "<group>"; };
		A49768391FA9C20C000003F2 /* Info.plist */ = {isa = PBXFileReference; lastKnownFileType = text.plist.xml; path = Info.plist; sourceTree = "<group>"; };
		A4BFF3B31FDA7AC40028C10E /* ZlCommon.swift */ = {isa = PBXFileReference; lastKnownFileType = sourcecode.swift; path = ZlCommon.swift; sourceTree = "<group>"; };
		A4BFF3B61FDA7FDD0028C10E /* ZlOAuthViewController.swift */ = {isa = PBXFileReference; lastKnownFileType = sourcecode.swift; path = ZlOAuthViewController.swift; sourceTree = "<group>"; };
		A4D7A3151FBBF0E800166CAB /* zhangyanlf.json */ = {isa = PBXFileReference; lastKnownFileType = text.json; path = zhangyanlf.json; sourceTree = "<group>"; };
		A4DC044A1FB5A5D1001C3C2B /* UINavigationBar+Extension.swift */ = {isa = PBXFileReference; lastKnownFileType = sourcecode.swift; path = "UINavigationBar+Extension.swift"; sourceTree = "<group>"; };
		A4ECE59E1FBAC26200AE087B /* ZlVisitorView.swift */ = {isa = PBXFileReference; lastKnownFileType = sourcecode.swift; path = ZlVisitorView.swift; sourceTree = "<group>"; };
		CF380A072841B12C45DCAEA6 /* Pods-ZhylfWeiboUITests.debug.xcconfig */ = {isa = PBXFileReference; includeInIndex = 1; lastKnownFileType = text.xcconfig; name = "Pods-ZhylfWeiboUITests.debug.xcconfig"; path = "Pods/Target Support Files/Pods-ZhylfWeiboUITests/Pods-ZhylfWeiboUITests.debug.xcconfig"; sourceTree = "<group>"; };
		DB2081E3CC39FDF59ACA168D /* Pods_ZhylfWeiboTests.framework */ = {isa = PBXFileReference; explicitFileType = wrapper.framework; includeInIndex = 0; path = Pods_ZhylfWeiboTests.framework; sourceTree = BUILT_PRODUCTS_DIR; };
		EBC6678007D0A22E7FF6D001 /* Pods-ZhylfWeiboTests.release.xcconfig */ = {isa = PBXFileReference; includeInIndex = 1; lastKnownFileType = text.xcconfig; name = "Pods-ZhylfWeiboTests.release.xcconfig"; path = "Pods/Target Support Files/Pods-ZhylfWeiboTests/Pods-ZhylfWeiboTests.release.xcconfig"; sourceTree = "<group>"; };
/* End PBXFileReference section */

/* Begin PBXFrameworksBuildPhase section */
		A49768111FA9C20C000003F2 /* Frameworks */ = {
			isa = PBXFrameworksBuildPhase;
			buildActionMask = 2147483647;
			files = (
				12D9417EF1EA2931A0E1CC54 /* Pods_ZhylfWeibo.framework in Frameworks */,
			);
			runOnlyForDeploymentPostprocessing = 0;
		};
		A49768251FA9C20C000003F2 /* Frameworks */ = {
			isa = PBXFrameworksBuildPhase;
			buildActionMask = 2147483647;
			files = (
				C1B676D4667E886E521CD9EC /* Pods_ZhylfWeiboTests.framework in Frameworks */,
			);
			runOnlyForDeploymentPostprocessing = 0;
		};
		A49768301FA9C20C000003F2 /* Frameworks */ = {
			isa = PBXFrameworksBuildPhase;
			buildActionMask = 2147483647;
			files = (
				0F3E84C5606870FA7C33F5B2 /* Pods_ZhylfWeiboUITests.framework in Frameworks */,
			);
			runOnlyForDeploymentPostprocessing = 0;
		};
/* End PBXFrameworksBuildPhase section */

/* Begin PBXGroup section */
		64A6161CDA195287C635FE08 /* Pods */ = {
			isa = PBXGroup;
			children = (
				31C60F36E01D56ADE09D855C /* Pods-ZhylfWeibo.debug.xcconfig */,
				1DA885F06C3F2B1C842643FE /* Pods-ZhylfWeibo.release.xcconfig */,
				2E2FC94E39BCB66C31E60EB0 /* Pods-ZhylfWeiboTests.debug.xcconfig */,
				EBC6678007D0A22E7FF6D001 /* Pods-ZhylfWeiboTests.release.xcconfig */,
				CF380A072841B12C45DCAEA6 /* Pods-ZhylfWeiboUITests.debug.xcconfig */,
				850C239F57635FF2013D8C18 /* Pods-ZhylfWeiboUITests.release.xcconfig */,
			);
			name = Pods;
			sourceTree = "<group>";
		};
		A407840B1FDE678C006EEA79 /* Model */ = {
			isa = PBXGroup;
			children = (
				A407840C1FDE67AA006EEA79 /* ZlUserAccount.swift */,
			);
			path = Model;
			sourceTree = "<group>";
		};
		A412E53B1FB4429F00650D46 /* ViewModel */ = {
			isa = PBXGroup;
			children = (
				A467825E1FBEAF350014B877 /* ZlStatusListViewModel.swift */,
			);
			path = ViewModel;
			sourceTree = "<group>";
		};
		A412E53C1FB4429F00650D46 /* Model */ = {
			isa = PBXGroup;
			children = (
				A467825A1FBEAC750014B877 /* ZlStatus.swift */,
			);
			path = Model;
			sourceTree = "<group>";
		};
		A412E53D1FB4429F00650D46 /* Tools */ = {
			isa = PBXGroup;
			children = (
				A421CA431FBD6562006F1F64 /* Network */,
				A44117D61FB549150023B26F /* Additions */,
				A412E5591FB44CDC00650D46 /* Extension */,
				A4BFF3B31FDA7AC40028C10E /* ZlCommon.swift */,
			);
			path = Tools;
			sourceTree = "<group>";
		};
		A412E5591FB44CDC00650D46 /* Extension */ = {
			isa = PBXGroup;
			children = (
				A412E55B1FB4501400650D46 /* Bundle+Extension.swift */,
				A44117FF1FB57F810023B26F /* UIBarButtonItem+Extension.swift */,
				A4DC044A1FB5A5D1001C3C2B /* UINavigationBar+Extension.swift */,
			);
			path = Extension;
			sourceTree = "<group>";
		};
		A421CA431FBD6562006F1F64 /* Network */ = {
			isa = PBXGroup;
			children = (
				A407840B1FDE678C006EEA79 /* Model */,
				A421CA441FBD65A6006F1F64 /* ZlNetworkManager.swift */,
				A46782581FBE795A0014B877 /* ZlNetworkManager+Extension.swift */,
			);
			path = Network;
			sourceTree = "<group>";
		};
		A4327D3C1FAAC9F8006533AD /* Classes */ = {
			isa = PBXGroup;
			children = (
				A4327D471FAAC9F8006533AD /* View */,
				A412E53C1FB4429F00650D46 /* Model */,
				A412E53B1FB4429F00650D46 /* ViewModel */,
				A412E53D1FB4429F00650D46 /* Tools */,
				A4327D3E1FAAC9F8006533AD /* Other */,
			);
			path = Classes;
			sourceTree = "<group>";
		};
		A4327D3E1FAAC9F8006533AD /* Other */ = {
			isa = PBXGroup;
			children = (
				A4327D401FAAC9F8006533AD /* LaunchScreen.storyboard */,
				A4327D441FAAC9F8006533AD /* Info.plist */,
			);
			path = Other;
			sourceTree = "<group>";
		};
		A4327D471FAAC9F8006533AD /* View */ = {
			isa = PBXGroup;
			children = (
				A4327D4A1FAAC9F8006533AD /* Main */,
				A4327D491FAAC9F8006533AD /* Home */,
				A4327D481FAAC9F8006533AD /* Descover */,
				A4327D4B1FAAC9F8006533AD /* Message */,
				A4327D4C1FAAC9F8006533AD /* Profile */,
			);
			path = View;
			sourceTree = "<group>";
		};
		A4327D481FAAC9F8006533AD /* Descover */ = {
			isa = PBXGroup;
			children = (
				A4327D561FAACC81006533AD /* ZlDescoverViewController.swift */,
			);
			path = Descover;
			sourceTree = "<group>";
		};
		A4327D491FAAC9F8006533AD /* Home */ = {
			isa = PBXGroup;
			children = (
				A4327D541FAACC63006533AD /* ZlHomeViewController.swift */,
			);
			path = Home;
			sourceTree = "<group>";
		};
		A4327D4A1FAAC9F8006533AD /* Main */ = {
			isa = PBXGroup;
			children = (
				A4BFF3B51FDA7FC00028C10E /* OAuth */,
				A44117FC1FB554B10023B26F /* Test */,
				A450677A1FB97869009C1D72 /* Main */,
				A4ECE59D1FBAC22F00AE087B /* VisitorView */,
				A4327D521FAACB8B006533AD /* ZlBaseViewController.swift */,
			);
			path = Main;
			sourceTree = "<group>";
		};
		A4327D4B1FAAC9F8006533AD /* Message */ = {
			isa = PBXGroup;
			children = (
				A4327D581FAACC91006533AD /* ZlMessageViewController.swift */,
			);
			path = Message;
			sourceTree = "<group>";
		};
		A4327D4C1FAAC9F8006533AD /* Profile */ = {
			isa = PBXGroup;
			children = (
				A4327D5A1FAACCA0006533AD /* ZlProfileViewController.swift */,
			);
			path = Profile;
			sourceTree = "<group>";
		};
		A44117D61FB549150023B26F /* Additions */ = {
			isa = PBXGroup;
			children = (
				A44117D71FB549150023B26F /* CZAdditions.h */,
				A44117D81FB549150023B26F /* NSArray+Log.h */,
				A44117D91FB549150023B26F /* NSArray+Log.m */,
				A44117DA1FB549150023B26F /* NSAttributedString+CZAdditon.h */,
				A44117DB1FB549150023B26F /* NSAttributedString+CZAdditon.m */,
				A44117DC1FB549150023B26F /* NSObject+CZRuntime.h */,
				A44117DD1FB549150023B26F /* NSObject+CZRuntime.m */,
				A44117DE1FB549150023B26F /* NSString+CZBase64.h */,
				A44117DF1FB549150023B26F /* NSString+CZBase64.m */,
				A44117E01FB549150023B26F /* NSString+CZHash.h */,
				A44117E11FB549150023B26F /* NSString+CZHash.m */,
				A44117E21FB549150023B26F /* NSString+CZPath.h */,
				A44117E31FB549150023B26F /* NSString+CZPath.m */,
				A44117E41FB549150023B26F /* UIButton+CZAddition.h */,
				A44117E51FB549150023B26F /* UIButton+CZAddition.m */,
				A44117E61FB549150023B26F /* UIColor+CZAddition.h */,
				A44117E71FB549150023B26F /* UIColor+CZAddition.m */,
				A44117E81FB549150023B26F /* UILabel+CZAddition.h */,
				A44117E91FB549150023B26F /* UILabel+CZAddition.m */,
				A44117EA1FB549150023B26F /* UIScreen+CZAddition.h */,
				A44117EB1FB549150023B26F /* UIScreen+CZAddition.m */,
				A44117EC1FB549150023B26F /* UIView+CZAddition.h */,
				A44117ED1FB549150023B26F /* UIView+CZAddition.m */,
				A44117EE1FB549150023B26F /* UIViewController+CZAddition.h */,
				A44117EF1FB549150023B26F /* UIViewController+CZAddition.m */,
			);
			path = Additions;
			sourceTree = "<group>";
		};
		A44117FC1FB554B10023B26F /* Test */ = {
			isa = PBXGroup;
			children = (
				A44117FD1FB555180023B26F /* ZlTestViewController.swift */,
			);
			path = Test;
			sourceTree = "<group>";
		};
		A450677A1FB97869009C1D72 /* Main */ = {
			isa = PBXGroup;
			children = (
				A4D7A3151FBBF0E800166CAB /* zhangyanlf.json */,
				A4327D4E1FAACAFD006533AD /* ZlMainViewController.swift */,
				A4327D501FAACB55006533AD /* ZlNavigationController.swift */,
			);
			path = Main;
			sourceTree = "<group>";
		};
		A497680B1FA9C20C000003F2 = {
			isa = PBXGroup;
			children = (
				A49768161FA9C20C000003F2 /* ZhylfWeibo */,
				A497682B1FA9C20C000003F2 /* ZhylfWeiboTests */,
				A49768361FA9C20C000003F2 /* ZhylfWeiboUITests */,
				A49768151FA9C20C000003F2 /* Products */,
				64A6161CDA195287C635FE08 /* Pods */,
				F471D6F19B5ED66498692944 /* Frameworks */,
			);
			sourceTree = "<group>";
		};
		A49768151FA9C20C000003F2 /* Products */ = {
			isa = PBXGroup;
			children = (
				A49768141FA9C20C000003F2 /* ZhylfWeibo.app */,
				A49768281FA9C20C000003F2 /* ZhylfWeiboTests.xctest */,
				A49768331FA9C20C000003F2 /* ZhylfWeiboUITests.xctest */,
			);
			name = Products;
			sourceTree = "<group>";
		};
		A49768161FA9C20C000003F2 /* ZhylfWeibo */ = {
			isa = PBXGroup;
			children = (
				A4327D3C1FAAC9F8006533AD /* Classes */,
				A497681E1FA9C20C000003F2 /* Assets.xcassets */,
				A4327D3F1FAAC9F8006533AD /* AppDelegate.swift */,
				A412E5581FB4484C00650D46 /* ZhylfWeibo-Bridge.h */,
			);
			path = ZhylfWeibo;
			sourceTree = "<group>";
		};
		A497682B1FA9C20C000003F2 /* ZhylfWeiboTests */ = {
			isa = PBXGroup;
			children = (
				A497682C1FA9C20C000003F2 /* ZhylfWeiboTests.swift */,
				A497682E1FA9C20C000003F2 /* Info.plist */,
			);
			path = ZhylfWeiboTests;
			sourceTree = "<group>";
		};
		A49768361FA9C20C000003F2 /* ZhylfWeiboUITests */ = {
			isa = PBXGroup;
			children = (
				A49768371FA9C20C000003F2 /* ZhylfWeiboUITests.swift */,
				A49768391FA9C20C000003F2 /* Info.plist */,
			);
			path = ZhylfWeiboUITests;
			sourceTree = "<group>";
		};
		A4BFF3B51FDA7FC00028C10E /* OAuth */ = {
			isa = PBXGroup;
			children = (
				A4BFF3B61FDA7FDD0028C10E /* ZlOAuthViewController.swift */,
			);
			path = OAuth;
			sourceTree = "<group>";
		};
		A4ECE59D1FBAC22F00AE087B /* VisitorView */ = {
			isa = PBXGroup;
			children = (
				A4ECE59E1FBAC26200AE087B /* ZlVisitorView.swift */,
			);
			path = VisitorView;
			sourceTree = "<group>";
		};
		F471D6F19B5ED66498692944 /* Frameworks */ = {
			isa = PBXGroup;
			children = (
				A38C6E9877568763B02E1CF3 /* Pods_ZhylfWeibo.framework */,
				DB2081E3CC39FDF59ACA168D /* Pods_ZhylfWeiboTests.framework */,
				1C45CF6CFBD5A37C0C485C22 /* Pods_ZhylfWeiboUITests.framework */,
			);
			name = Frameworks;
			sourceTree = "<group>";
		};
/* End PBXGroup section */

/* Begin PBXNativeTarget section */
		A49768131FA9C20C000003F2 /* ZhylfWeibo */ = {
			isa = PBXNativeTarget;
			buildConfigurationList = A497683C1FA9C20C000003F2 /* Build configuration list for PBXNativeTarget "ZhylfWeibo" */;
			buildPhases = (
				96008E30FD8C6CEE59A6356F /* [CP] Check Pods Manifest.lock */,
				A49768101FA9C20C000003F2 /* Sources */,
				A49768111FA9C20C000003F2 /* Frameworks */,
				A49768121FA9C20C000003F2 /* Resources */,
				3F67A9F460ADE9F1C1D10278 /* [CP] Embed Pods Frameworks */,
				A9D5C102E594E64F71B8D22C /* [CP] Copy Pods Resources */,
			);
			buildRules = (
			);
			dependencies = (
			);
			name = ZhylfWeibo;
			productName = ZhylfWeibo;
			productReference = A49768141FA9C20C000003F2 /* ZhylfWeibo.app */;
			productType = "com.apple.product-type.application";
		};
		A49768271FA9C20C000003F2 /* ZhylfWeiboTests */ = {
			isa = PBXNativeTarget;
			buildConfigurationList = A497683F1FA9C20C000003F2 /* Build configuration list for PBXNativeTarget "ZhylfWeiboTests" */;
			buildPhases = (
				D4C4A2E36CB022B7CDA86E93 /* [CP] Check Pods Manifest.lock */,
				A49768241FA9C20C000003F2 /* Sources */,
				A49768251FA9C20C000003F2 /* Frameworks */,
				A49768261FA9C20C000003F2 /* Resources */,
				51C838FE5CDBF7CFA66AD45A /* [CP] Embed Pods Frameworks */,
				0B9C9CFD8C8921C642B7604F /* [CP] Copy Pods Resources */,
			);
			buildRules = (
			);
			dependencies = (
				A497682A1FA9C20C000003F2 /* PBXTargetDependency */,
			);
			name = ZhylfWeiboTests;
			productName = ZhylfWeiboTests;
			productReference = A49768281FA9C20C000003F2 /* ZhylfWeiboTests.xctest */;
			productType = "com.apple.product-type.bundle.unit-test";
		};
		A49768321FA9C20C000003F2 /* ZhylfWeiboUITests */ = {
			isa = PBXNativeTarget;
			buildConfigurationList = A49768421FA9C20C000003F2 /* Build configuration list for PBXNativeTarget "ZhylfWeiboUITests" */;
			buildPhases = (
				64C5FEF84844F2D95710C9D5 /* [CP] Check Pods Manifest.lock */,
				A497682F1FA9C20C000003F2 /* Sources */,
				A49768301FA9C20C000003F2 /* Frameworks */,
				A49768311FA9C20C000003F2 /* Resources */,
				2B9D80B44C2D07C0262305F5 /* [CP] Embed Pods Frameworks */,
				E780CE31BBC7F7C4F539FD08 /* [CP] Copy Pods Resources */,
			);
			buildRules = (
			);
			dependencies = (
				A49768351FA9C20C000003F2 /* PBXTargetDependency */,
			);
			name = ZhylfWeiboUITests;
			productName = ZhylfWeiboUITests;
			productReference = A49768331FA9C20C000003F2 /* ZhylfWeiboUITests.xctest */;
			productType = "com.apple.product-type.bundle.ui-testing";
		};
/* End PBXNativeTarget section */

/* Begin PBXProject section */
		A497680C1FA9C20C000003F2 /* Project object */ = {
			isa = PBXProject;
			attributes = {
				CLASSPREFIX = Zl;
				LastSwiftUpdateCheck = 0900;
				LastUpgradeCheck = 0900;
				ORGANIZATIONNAME = zhangyanlf;
				TargetAttributes = {
					A49768131FA9C20C000003F2 = {
						CreatedOnToolsVersion = 9.0;
						LastSwiftMigration = 0900;
						ProvisioningStyle = Automatic;
					};
					A49768271FA9C20C000003F2 = {
						CreatedOnToolsVersion = 9.0;
						ProvisioningStyle = Automatic;
						TestTargetID = A49768131FA9C20C000003F2;
					};
					A49768321FA9C20C000003F2 = {
						CreatedOnToolsVersion = 9.0;
						ProvisioningStyle = Automatic;
						TestTargetID = A49768131FA9C20C000003F2;
					};
				};
			};
			buildConfigurationList = A497680F1FA9C20C000003F2 /* Build configuration list for PBXProject "ZhylfWeibo" */;
			compatibilityVersion = "Xcode 8.0";
			developmentRegion = en;
			hasScannedForEncodings = 0;
			knownRegions = (
				en,
				Base,
			);
			mainGroup = A497680B1FA9C20C000003F2;
			productRefGroup = A49768151FA9C20C000003F2 /* Products */;
			projectDirPath = "";
			projectRoot = "";
			targets = (
				A49768131FA9C20C000003F2 /* ZhylfWeibo */,
				A49768271FA9C20C000003F2 /* ZhylfWeiboTests */,
				A49768321FA9C20C000003F2 /* ZhylfWeiboUITests */,
			);
		};
/* End PBXProject section */

/* Begin PBXResourcesBuildPhase section */
		A49768121FA9C20C000003F2 /* Resources */ = {
			isa = PBXResourcesBuildPhase;
			buildActionMask = 2147483647;
			files = (
				A4D7A3161FBBF10100166CAB /* zhangyanlf.json in Resources */,
				A497681F1FA9C20C000003F2 /* Assets.xcassets in Resources */,
			);
			runOnlyForDeploymentPostprocessing = 0;
		};
		A49768261FA9C20C000003F2 /* Resources */ = {
			isa = PBXResourcesBuildPhase;
			buildActionMask = 2147483647;
			files = (
			);
			runOnlyForDeploymentPostprocessing = 0;
		};
		A49768311FA9C20C000003F2 /* Resources */ = {
			isa = PBXResourcesBuildPhase;
			buildActionMask = 2147483647;
			files = (
			);
			runOnlyForDeploymentPostprocessing = 0;
		};
/* End PBXResourcesBuildPhase section */

/* Begin PBXShellScriptBuildPhase section */
		0B9C9CFD8C8921C642B7604F /* [CP] Copy Pods Resources */ = {
			isa = PBXShellScriptBuildPhase;
			buildActionMask = 2147483647;
			files = (
			);
			inputPaths = (
			);
			name = "[CP] Copy Pods Resources";
			outputPaths = (
			);
			runOnlyForDeploymentPostprocessing = 0;
			shellPath = /bin/sh;
			shellScript = "\"${SRCROOT}/Pods/Target Support Files/Pods-ZhylfWeiboTests/Pods-ZhylfWeiboTests-resources.sh\"\n";
			showEnvVarsInLog = 0;
		};
		2B9D80B44C2D07C0262305F5 /* [CP] Embed Pods Frameworks */ = {
			isa = PBXShellScriptBuildPhase;
			buildActionMask = 2147483647;
			files = (
			);
			inputPaths = (
			);
			name = "[CP] Embed Pods Frameworks";
			outputPaths = (
			);
			runOnlyForDeploymentPostprocessing = 0;
			shellPath = /bin/sh;
			shellScript = "\"${SRCROOT}/Pods/Target Support Files/Pods-ZhylfWeiboUITests/Pods-ZhylfWeiboUITests-frameworks.sh\"\n";
			showEnvVarsInLog = 0;
		};
		3F67A9F460ADE9F1C1D10278 /* [CP] Embed Pods Frameworks */ = {
			isa = PBXShellScriptBuildPhase;
			buildActionMask = 2147483647;
			files = (
			);
			inputPaths = (
			);
			name = "[CP] Embed Pods Frameworks";
			outputPaths = (
			);
			runOnlyForDeploymentPostprocessing = 0;
			shellPath = /bin/sh;
			shellScript = "\"${SRCROOT}/Pods/Target Support Files/Pods-ZhylfWeibo/Pods-ZhylfWeibo-frameworks.sh\"\n";
			showEnvVarsInLog = 0;
		};
		51C838FE5CDBF7CFA66AD45A /* [CP] Embed Pods Frameworks */ = {
			isa = PBXShellScriptBuildPhase;
			buildActionMask = 2147483647;
			files = (
			);
			inputPaths = (
			);
			name = "[CP] Embed Pods Frameworks";
			outputPaths = (
			);
			runOnlyForDeploymentPostprocessing = 0;
			shellPath = /bin/sh;
			shellScript = "\"${SRCROOT}/Pods/Target Support Files/Pods-ZhylfWeiboTests/Pods-ZhylfWeiboTests-frameworks.sh\"\n";
			showEnvVarsInLog = 0;
		};
		64C5FEF84844F2D95710C9D5 /* [CP] Check Pods Manifest.lock */ = {
			isa = PBXShellScriptBuildPhase;
			buildActionMask = 2147483647;
			files = (
			);
			inputPaths = (
			);
			name = "[CP] Check Pods Manifest.lock";
			outputPaths = (
			);
			runOnlyForDeploymentPostprocessing = 0;
			shellPath = /bin/sh;
			shellScript = "diff \"${PODS_PODFILE_DIR_PATH}/Podfile.lock\" \"${PODS_ROOT}/Manifest.lock\" > /dev/null\nif [ $? != 0 ] ; then\n    # print error to STDERR\n    echo \"error: The sandbox is not in sync with the Podfile.lock. Run 'pod install' or update your CocoaPods installation.\" >&2\n    exit 1\nfi\n";
			showEnvVarsInLog = 0;
		};
		96008E30FD8C6CEE59A6356F /* [CP] Check Pods Manifest.lock */ = {
			isa = PBXShellScriptBuildPhase;
			buildActionMask = 2147483647;
			files = (
			);
			inputPaths = (
			);
			name = "[CP] Check Pods Manifest.lock";
			outputPaths = (
			);
			runOnlyForDeploymentPostprocessing = 0;
			shellPath = /bin/sh;
			shellScript = "diff \"${PODS_PODFILE_DIR_PATH}/Podfile.lock\" \"${PODS_ROOT}/Manifest.lock\" > /dev/null\nif [ $? != 0 ] ; then\n    # print error to STDERR\n    echo \"error: The sandbox is not in sync with the Podfile.lock. Run 'pod install' or update your CocoaPods installation.\" >&2\n    exit 1\nfi\n";
			showEnvVarsInLog = 0;
		};
		A9D5C102E594E64F71B8D22C /* [CP] Copy Pods Resources */ = {
			isa = PBXShellScriptBuildPhase;
			buildActionMask = 2147483647;
			files = (
			);
			inputPaths = (
			);
			name = "[CP] Copy Pods Resources";
			outputPaths = (
			);
			runOnlyForDeploymentPostprocessing = 0;
			shellPath = /bin/sh;
			shellScript = "\"${SRCROOT}/Pods/Target Support Files/Pods-ZhylfWeibo/Pods-ZhylfWeibo-resources.sh\"\n";
			showEnvVarsInLog = 0;
		};
		D4C4A2E36CB022B7CDA86E93 /* [CP] Check Pods Manifest.lock */ = {
			isa = PBXShellScriptBuildPhase;
			buildActionMask = 2147483647;
			files = (
			);
			inputPaths = (
			);
			name = "[CP] Check Pods Manifest.lock";
			outputPaths = (
			);
			runOnlyForDeploymentPostprocessing = 0;
			shellPath = /bin/sh;
			shellScript = "diff \"${PODS_PODFILE_DIR_PATH}/Podfile.lock\" \"${PODS_ROOT}/Manifest.lock\" > /dev/null\nif [ $? != 0 ] ; then\n    # print error to STDERR\n    echo \"error: The sandbox is not in sync with the Podfile.lock. Run 'pod install' or update your CocoaPods installation.\" >&2\n    exit 1\nfi\n";
			showEnvVarsInLog = 0;
		};
		E780CE31BBC7F7C4F539FD08 /* [CP] Copy Pods Resources */ = {
			isa = PBXShellScriptBuildPhase;
			buildActionMask = 2147483647;
			files = (
			);
			inputPaths = (
			);
			name = "[CP] Copy Pods Resources";
			outputPaths = (
			);
			runOnlyForDeploymentPostprocessing = 0;
			shellPath = /bin/sh;
			shellScript = "\"${SRCROOT}/Pods/Target Support Files/Pods-ZhylfWeiboUITests/Pods-ZhylfWeiboUITests-resources.sh\"\n";
			showEnvVarsInLog = 0;
		};
/* End PBXShellScriptBuildPhase section */

/* Begin PBXSourcesBuildPhase section */
		A49768101FA9C20C000003F2 /* Sources */ = {
			isa = PBXSourcesBuildPhase;
			buildActionMask = 2147483647;
			files = (
				A407840D1FDE67AA006EEA79 /* ZlUserAccount.swift in Sources */,
				A44117F61FB54E130023B26F /* NSString+CZHash.m in Sources */,
				A428CDE11FAAED3E0059BF57 /* AppDelegate.swift in Sources */,
				A421CA451FBD65A6006F1F64 /* ZlNetworkManager.swift in Sources */,
				A467825F1FBEAF350014B877 /* ZlStatusListViewModel.swift in Sources */,
				A412E55C1FB4501400650D46 /* Bundle+Extension.swift in Sources */,
				A44117F01FB54DE40023B26F /* UIButton+CZAddition.m in Sources */,
				A4327D591FAACC91006533AD /* ZlMessageViewController.swift in Sources */,
				A4DC044B1FB5A5D1001C3C2B /* UINavigationBar+Extension.swift in Sources */,
				A467825B1FBEAC750014B877 /* ZlStatus.swift in Sources */,
				A46782591FBE795A0014B877 /* ZlNetworkManager+Extension.swift in Sources */,
				A4BFF3B41FDA7AC40028C10E /* ZlCommon.swift in Sources */,
				A4327D5B1FAACCA0006533AD /* ZlProfileViewController.swift in Sources */,
				A4ECE59F1FBAC26200AE087B /* ZlVisitorView.swift in Sources */,
				A4327D4F1FAACAFD006533AD /* ZlMainViewController.swift in Sources */,
				A4327D511FAACB55006533AD /* ZlNavigationController.swift in Sources */,
				A44117F11FB54E010023B26F /* UIColor+CZAddition.m in Sources */,
				A44118001FB57F810023B26F /* UIBarButtonItem+Extension.swift in Sources */,
				A44117F81FB54E1C0023B26F /* UILabel+CZAddition.m in Sources */,
				A44117F71FB54E160023B26F /* NSString+CZPath.m in Sources */,
				A4327D571FAACC81006533AD /* ZlDescoverViewController.swift in Sources */,
				A44117F51FB54E110023B26F /* NSString+CZBase64.m in Sources */,
				A44117F41FB54E0E0023B26F /* NSObject+CZRuntime.m in Sources */,
				A44117FE1FB555180023B26F /* ZlTestViewController.swift in Sources */,
				A44117F21FB54E080023B26F /* NSArray+Log.m in Sources */,
				A4BFF3B71FDA7FDD0028C10E /* ZlOAuthViewController.swift in Sources */,
				A44117F91FB54E1E0023B26F /* UIScreen+CZAddition.m in Sources */,
				A44117F31FB54E0A0023B26F /* NSAttributedString+CZAdditon.m in Sources */,
				A4327D531FAACB8B006533AD /* ZlBaseViewController.swift in Sources */,
				A44117FB1FB54E240023B26F /* UIViewController+CZAddition.m in Sources */,
				A4327D551FAACC63006533AD /* ZlHomeViewController.swift in Sources */,
				A44117FA1FB54E210023B26F /* UIView+CZAddition.m in Sources */,
			);
			runOnlyForDeploymentPostprocessing = 0;
		};
		A49768241FA9C20C000003F2 /* Sources */ = {
			isa = PBXSourcesBuildPhase;
			buildActionMask = 2147483647;
			files = (
				A497682D1FA9C20C000003F2 /* ZhylfWeiboTests.swift in Sources */,
			);
			runOnlyForDeploymentPostprocessing = 0;
		};
		A497682F1FA9C20C000003F2 /* Sources */ = {
			isa = PBXSourcesBuildPhase;
			buildActionMask = 2147483647;
			files = (
				A49768381FA9C20C000003F2 /* ZhylfWeiboUITests.swift in Sources */,
			);
			runOnlyForDeploymentPostprocessing = 0;
		};
/* End PBXSourcesBuildPhase section */

/* Begin PBXTargetDependency section */
		A497682A1FA9C20C000003F2 /* PBXTargetDependency */ = {
			isa = PBXTargetDependency;
			target = A49768131FA9C20C000003F2 /* ZhylfWeibo */;
			targetProxy = A49768291FA9C20C000003F2 /* PBXContainerItemProxy */;
		};
		A49768351FA9C20C000003F2 /* PBXTargetDependency */ = {
			isa = PBXTargetDependency;
			target = A49768131FA9C20C000003F2 /* ZhylfWeibo */;
			targetProxy = A49768341FA9C20C000003F2 /* PBXContainerItemProxy */;
		};
/* End PBXTargetDependency section */

/* Begin PBXVariantGroup section */
		A4327D401FAAC9F8006533AD /* LaunchScreen.storyboard */ = {
			isa = PBXVariantGroup;
			children = (
				A4327D411FAAC9F8006533AD /* Base */,
			);
			name = LaunchScreen.storyboard;
			sourceTree = "<group>";
		};
/* End PBXVariantGroup section */

/* Begin XCBuildConfiguration section */
		A497683A1FA9C20C000003F2 /* Debug */ = {
			isa = XCBuildConfiguration;
			buildSettings = {
				ALWAYS_SEARCH_USER_PATHS = NO;
				CLANG_ANALYZER_NONNULL = YES;
				CLANG_ANALYZER_NUMBER_OBJECT_CONVERSION = YES_AGGRESSIVE;
				CLANG_CXX_LANGUAGE_STANDARD = "gnu++14";
				CLANG_CXX_LIBRARY = "libc++";
				CLANG_ENABLE_MODULES = YES;
				CLANG_ENABLE_OBJC_ARC = YES;
				CLANG_WARN_BLOCK_CAPTURE_AUTORELEASING = YES;
				CLANG_WARN_BOOL_CONVERSION = YES;
				CLANG_WARN_COMMA = YES;
				CLANG_WARN_CONSTANT_CONVERSION = YES;
				CLANG_WARN_DIRECT_OBJC_ISA_USAGE = YES_ERROR;
				CLANG_WARN_DOCUMENTATION_COMMENTS = YES;
				CLANG_WARN_EMPTY_BODY = YES;
				CLANG_WARN_ENUM_CONVERSION = YES;
				CLANG_WARN_INFINITE_RECURSION = YES;
				CLANG_WARN_INT_CONVERSION = YES;
				CLANG_WARN_NON_LITERAL_NULL_CONVERSION = YES;
				CLANG_WARN_OBJC_LITERAL_CONVERSION = YES;
				CLANG_WARN_OBJC_ROOT_CLASS = YES_ERROR;
				CLANG_WARN_RANGE_LOOP_ANALYSIS = YES;
				CLANG_WARN_STRICT_PROTOTYPES = YES;
				CLANG_WARN_SUSPICIOUS_MOVE = YES;
				CLANG_WARN_UNGUARDED_AVAILABILITY = YES_AGGRESSIVE;
				CLANG_WARN_UNREACHABLE_CODE = YES;
				CLANG_WARN__DUPLICATE_METHOD_MATCH = YES;
				CODE_SIGN_IDENTITY = "iPhone Developer";
				COPY_PHASE_STRIP = NO;
				DEBUG_INFORMATION_FORMAT = dwarf;
				ENABLE_STRICT_OBJC_MSGSEND = YES;
				ENABLE_TESTABILITY = YES;
				GCC_C_LANGUAGE_STANDARD = gnu11;
				GCC_DYNAMIC_NO_PIC = NO;
				GCC_NO_COMMON_BLOCKS = YES;
				GCC_OPTIMIZATION_LEVEL = 0;
				GCC_PREPROCESSOR_DEFINITIONS = (
					"DEBUG=1",
					"$(inherited)",
				);
				GCC_WARN_64_TO_32_BIT_CONVERSION = YES;
				GCC_WARN_ABOUT_RETURN_TYPE = YES_ERROR;
				GCC_WARN_UNDECLARED_SELECTOR = YES;
				GCC_WARN_UNINITIALIZED_AUTOS = YES_AGGRESSIVE;
				GCC_WARN_UNUSED_FUNCTION = YES;
				GCC_WARN_UNUSED_VARIABLE = YES;
				IPHONEOS_DEPLOYMENT_TARGET = 11.0;
				MTL_ENABLE_DEBUG_INFO = YES;
				ONLY_ACTIVE_ARCH = YES;
				SDKROOT = iphoneos;
				SWIFT_ACTIVE_COMPILATION_CONDITIONS = DEBUG;
				SWIFT_OPTIMIZATION_LEVEL = "-Onone";
			};
			name = Debug;
		};
		A497683B1FA9C20C000003F2 /* Release */ = {
			isa = XCBuildConfiguration;
			buildSettings = {
				ALWAYS_SEARCH_USER_PATHS = NO;
				CLANG_ANALYZER_NONNULL = YES;
				CLANG_ANALYZER_NUMBER_OBJECT_CONVERSION = YES_AGGRESSIVE;
				CLANG_CXX_LANGUAGE_STANDARD = "gnu++14";
				CLANG_CXX_LIBRARY = "libc++";
				CLANG_ENABLE_MODULES = YES;
				CLANG_ENABLE_OBJC_ARC = YES;
				CLANG_WARN_BLOCK_CAPTURE_AUTORELEASING = YES;
				CLANG_WARN_BOOL_CONVERSION = YES;
				CLANG_WARN_COMMA = YES;
				CLANG_WARN_CONSTANT_CONVERSION = YES;
				CLANG_WARN_DIRECT_OBJC_ISA_USAGE = YES_ERROR;
				CLANG_WARN_DOCUMENTATION_COMMENTS = YES;
				CLANG_WARN_EMPTY_BODY = YES;
				CLANG_WARN_ENUM_CONVERSION = YES;
				CLANG_WARN_INFINITE_RECURSION = YES;
				CLANG_WARN_INT_CONVERSION = YES;
				CLANG_WARN_NON_LITERAL_NULL_CONVERSION = YES;
				CLANG_WARN_OBJC_LITERAL_CONVERSION = YES;
				CLANG_WARN_OBJC_ROOT_CLASS = YES_ERROR;
				CLANG_WARN_RANGE_LOOP_ANALYSIS = YES;
				CLANG_WARN_STRICT_PROTOTYPES = YES;
				CLANG_WARN_SUSPICIOUS_MOVE = YES;
				CLANG_WARN_UNGUARDED_AVAILABILITY = YES_AGGRESSIVE;
				CLANG_WARN_UNREACHABLE_CODE = YES;
				CLANG_WARN__DUPLICATE_METHOD_MATCH = YES;
				CODE_SIGN_IDENTITY = "iPhone Developer";
				COPY_PHASE_STRIP = NO;
				DEBUG_INFORMATION_FORMAT = "dwarf-with-dsym";
				ENABLE_NS_ASSERTIONS = NO;
				ENABLE_STRICT_OBJC_MSGSEND = YES;
				GCC_C_LANGUAGE_STANDARD = gnu11;
				GCC_NO_COMMON_BLOCKS = YES;
				GCC_WARN_64_TO_32_BIT_CONVERSION = YES;
				GCC_WARN_ABOUT_RETURN_TYPE = YES_ERROR;
				GCC_WARN_UNDECLARED_SELECTOR = YES;
				GCC_WARN_UNINITIALIZED_AUTOS = YES_AGGRESSIVE;
				GCC_WARN_UNUSED_FUNCTION = YES;
				GCC_WARN_UNUSED_VARIABLE = YES;
				IPHONEOS_DEPLOYMENT_TARGET = 11.0;
				MTL_ENABLE_DEBUG_INFO = NO;
				SDKROOT = iphoneos;
				SWIFT_OPTIMIZATION_LEVEL = "-Owholemodule";
				VALIDATE_PRODUCT = YES;
			};
			name = Release;
		};
		A497683D1FA9C20C000003F2 /* Debug */ = {
			isa = XCBuildConfiguration;
			baseConfigurationReference = 31C60F36E01D56ADE09D855C /* Pods-ZhylfWeibo.debug.xcconfig */;
			buildSettings = {
				ASSETCATALOG_COMPILER_APPICON_NAME = AppIcon;
				ASSETCATALOG_COMPILER_LAUNCHIMAGE_NAME = LaunchImage;
				CLANG_ENABLE_MODULES = YES;
				CODE_SIGN_STYLE = Automatic;
				DEVELOPMENT_TEAM = 8GR4Z3QJ2L;
				INFOPLIST_FILE = ZhylfWeibo/Classes/Other/Info.plist;
				IPHONEOS_DEPLOYMENT_TARGET = 9.0;
				LD_RUNPATH_SEARCH_PATHS = "$(inherited) @executable_path/Frameworks";
				PRODUCT_BUNDLE_IDENTIFIER = cn.zhangyanlf.ZhylfWeibo;
				PRODUCT_NAME = "$(TARGET_NAME)";
				SWIFT_OBJC_BRIDGING_HEADER = "$(PRODUCT_NAME)/ZhylfWeibo-Bridge.h";
				SWIFT_OPTIMIZATION_LEVEL = "-Onone";
				SWIFT_VERSION = 4.0;
				TARGETED_DEVICE_FAMILY = 1;
			};
			name = Debug;
		};
		A497683E1FA9C20C000003F2 /* Release */ = {
			isa = XCBuildConfiguration;
			baseConfigurationReference = 1DA885F06C3F2B1C842643FE /* Pods-ZhylfWeibo.release.xcconfig */;
			buildSettings = {
				ASSETCATALOG_COMPILER_APPICON_NAME = AppIcon;
				ASSETCATALOG_COMPILER_LAUNCHIMAGE_NAME = LaunchImage;
				CLANG_ENABLE_MODULES = YES;
				CODE_SIGN_STYLE = Automatic;
				DEVELOPMENT_TEAM = 8GR4Z3QJ2L;
				INFOPLIST_FILE = ZhylfWeibo/Classes/Other/Info.plist;
				IPHONEOS_DEPLOYMENT_TARGET = 9.0;
				LD_RUNPATH_SEARCH_PATHS = "$(inherited) @executable_path/Frameworks";
				PRODUCT_BUNDLE_IDENTIFIER = cn.zhangyanlf.ZhylfWeibo;
				PRODUCT_NAME = "$(TARGET_NAME)";
				SWIFT_OBJC_BRIDGING_HEADER = "$(PRODUCT_NAME)/ZhylfWeibo-Bridge.h";
				SWIFT_VERSION = 4.0;
				TARGETED_DEVICE_FAMILY = 1;
			};
			name = Release;
		};
		A49768401FA9C20C000003F2 /* Debug */ = {
			isa = XCBuildConfiguration;
			baseConfigurationReference = 2E2FC94E39BCB66C31E60EB0 /* Pods-ZhylfWeiboTests.debug.xcconfig */;
			buildSettings = {
				ALWAYS_EMBED_SWIFT_STANDARD_LIBRARIES = YES;
				BUNDLE_LOADER = "$(TEST_HOST)";
				CODE_SIGN_STYLE = Automatic;
				DEVELOPMENT_TEAM = 8GR4Z3QJ2L;
				INFOPLIST_FILE = ZhylfWeiboTests/Info.plist;
				LD_RUNPATH_SEARCH_PATHS = "$(inherited) @executable_path/Frameworks @loader_path/Frameworks";
				PRODUCT_BUNDLE_IDENTIFIER = cn.zhangyanlf.ZhylfWeiboTests;
				PRODUCT_NAME = "$(TARGET_NAME)";
				SWIFT_VERSION = 4.0;
				TARGETED_DEVICE_FAMILY = "1,2";
				TEST_HOST = "$(BUILT_PRODUCTS_DIR)/ZhylfWeibo.app/ZhylfWeibo";
			};
			name = Debug;
		};
		A49768411FA9C20C000003F2 /* Release */ = {
			isa = XCBuildConfiguration;
			baseConfigurationReference = EBC6678007D0A22E7FF6D001 /* Pods-ZhylfWeiboTests.release.xcconfig */;
			buildSettings = {
				ALWAYS_EMBED_SWIFT_STANDARD_LIBRARIES = YES;
				BUNDLE_LOADER = "$(TEST_HOST)";
				CODE_SIGN_STYLE = Automatic;
				DEVELOPMENT_TEAM = 8GR4Z3QJ2L;
				INFOPLIST_FILE = ZhylfWeiboTests/Info.plist;
				LD_RUNPATH_SEARCH_PATHS = "$(inherited) @executable_path/Frameworks @loader_path/Frameworks";
				PRODUCT_BUNDLE_IDENTIFIER = cn.zhangyanlf.ZhylfWeiboTests;
				PRODUCT_NAME = "$(TARGET_NAME)";
				SWIFT_VERSION = 4.0;
				TARGETED_DEVICE_FAMILY = "1,2";
				TEST_HOST = "$(BUILT_PRODUCTS_DIR)/ZhylfWeibo.app/ZhylfWeibo";
			};
			name = Release;
		};
		A49768431FA9C20C000003F2 /* Debug */ = {
			isa = XCBuildConfiguration;
			baseConfigurationReference = CF380A072841B12C45DCAEA6 /* Pods-ZhylfWeiboUITests.debug.xcconfig */;
			buildSettings = {
				ALWAYS_EMBED_SWIFT_STANDARD_LIBRARIES = YES;
				CODE_SIGN_STYLE = Automatic;
				DEVELOPMENT_TEAM = 8GR4Z3QJ2L;
				INFOPLIST_FILE = ZhylfWeiboUITests/Info.plist;
				LD_RUNPATH_SEARCH_PATHS = "$(inherited) @executable_path/Frameworks @loader_path/Frameworks";
				PRODUCT_BUNDLE_IDENTIFIER = cn.zhangyanlf.ZhylfWeiboUITests;
				PRODUCT_NAME = "$(TARGET_NAME)";
				SWIFT_VERSION = 4.0;
				TARGETED_DEVICE_FAMILY = "1,2";
				TEST_TARGET_NAME = ZhylfWeibo;
			};
			name = Debug;
		};
		A49768441FA9C20C000003F2 /* Release */ = {
			isa = XCBuildConfiguration;
			baseConfigurationReference = 850C239F57635FF2013D8C18 /* Pods-ZhylfWeiboUITests.release.xcconfig */;
			buildSettings = {
				ALWAYS_EMBED_SWIFT_STANDARD_LIBRARIES = YES;
				CODE_SIGN_STYLE = Automatic;
				DEVELOPMENT_TEAM = 8GR4Z3QJ2L;
				INFOPLIST_FILE = ZhylfWeiboUITests/Info.plist;
				LD_RUNPATH_SEARCH_PATHS = "$(inherited) @executable_path/Frameworks @loader_path/Frameworks";
				PRODUCT_BUNDLE_IDENTIFIER = cn.zhangyanlf.ZhylfWeiboUITests;
				PRODUCT_NAME = "$(TARGET_NAME)";
				SWIFT_VERSION = 4.0;
				TARGETED_DEVICE_FAMILY = "1,2";
				TEST_TARGET_NAME = ZhylfWeibo;
			};
			name = Release;
		};
/* End XCBuildConfiguration section */

/* Begin XCConfigurationList section */
		A497680F1FA9C20C000003F2 /* Build configuration list for PBXProject "ZhylfWeibo" */ = {
			isa = XCConfigurationList;
			buildConfigurations = (
				A497683A1FA9C20C000003F2 /* Debug */,
				A497683B1FA9C20C000003F2 /* Release */,
			);
			defaultConfigurationIsVisible = 0;
			defaultConfigurationName = Release;
		};
		A497683C1FA9C20C000003F2 /* Build configuration list for PBXNativeTarget "ZhylfWeibo" */ = {
			isa = XCConfigurationList;
			buildConfigurations = (
				A497683D1FA9C20C000003F2 /* Debug */,
				A497683E1FA9C20C000003F2 /* Release */,
			);
			defaultConfigurationIsVisible = 0;
			defaultConfigurationName = Release;
		};
		A497683F1FA9C20C000003F2 /* Build configuration list for PBXNativeTarget "ZhylfWeiboTests" */ = {
			isa = XCConfigurationList;
			buildConfigurations = (
				A49768401FA9C20C000003F2 /* Debug */,
				A49768411FA9C20C000003F2 /* Release */,
			);
			defaultConfigurationIsVisible = 0;
			defaultConfigurationName = Release;
		};
		A49768421FA9C20C000003F2 /* Build configuration list for PBXNativeTarget "ZhylfWeiboUITests" */ = {
			isa = XCConfigurationList;
			buildConfigurations = (
				A49768431FA9C20C000003F2 /* Debug */,
				A49768441FA9C20C000003F2 /* Release */,
			);
			defaultConfigurationIsVisible = 0;
			defaultConfigurationName = Release;
		};
/* End XCConfigurationList section */
	};
	rootObject = A497680C1FA9C20C000003F2 /* Project object */;
}
